uuid: d09d4ed2-d68b-41b4-ab22-34b1f33475a5
langcode: en
status: true
dependencies:
  module:
    - block_content
    - node
_core:
  default_config_hash: cJ96l7Kg_dECKjtYTGHLFc1IRXpecU8zT6zs1UZBdko
id: node.field_hero_block
field_name: field_hero_block
entity_type: node
type: entity_reference
settings:
  target_type: block_content
module: core
locked: false
cardinality: 1
translatable: true
indexes: {  }
persist_with_no_fields: false
custom_storage: false
