uuid: f7255c3e-142b-4e09-bc05-5c5c0b28f661
langcode: en
status: true
dependencies:
  module:
    - block_content
_core:
  default_config_hash: K4tljPxgc4xp9EJqT8v4iOKQWt_3h9KdZ9490-I94eQ
id: block_content.field_block
field_name: field_block
entity_type: block_content
type: entity_reference
settings:
  target_type: block_content
module: core
locked: false
cardinality: -1
translatable: true
indexes: {  }
persist_with_no_fields: false
custom_storage: false
