uuid: 79ef36cd-b317-426b-a1df-d7d2fe4c50ae
langcode: en
status: true
dependencies:
  config:
    - block_content.type.banner_block
_core:
  default_config_hash: G3u6fc7JZoDvaeSgwA-ik8RL5Z2B6-ItEtSuicDgobw
id: block_content.banner_block
target_entity_type_id: block_content
target_bundle: banner_block
default_langcode: site_default
language_alterable: true
